
Microsoft Visual Studio Solution File, Format Version 12.00
# Visual Studio Version 16
VisualStudioVersion = 16.0.30114.105
MinimumVisualStudioVersion = 10.0.40219.1
Project("{FAE04EC0-301F-11D3-BF4B-00C04F79EFBC}") = "Okes.Mapbox.Android.Accounts", "Okes.Mapbox.Android.Accounts\Okes.Mapbox.Android.Accounts.csproj", "{D000FB0F-3E9B-4489-B2C6-3B31D8EC71A2}"
EndProject
Project("{FAE04EC0-301F-11D3-BF4B-00C04F79EFBC}") = "Okes.Mapbox.Android.Core", "Okes.Mapbox.Android.Core\Okes.Mapbox.Android.Core.csproj", "{F9274CA8-D9EA-4206-B03E-4DAFFB1D03E7}"
EndProject
Project("{FAE04EC0-301F-11D3-BF4B-00C04F79EFBC}") = "Okes.Mapbox.SDK.Core", "Okes.Mapbox.SDK.Core\Okes.Mapbox.SDK.Core.csproj", "{BE3C0D90-E849-4776-B75C-5F6DB1780942}"
EndProject
Project("{FAE04EC0-301F-11D3-BF4B-00C04F79EFBC}") = "Okes.Square.Retrofit2.Retrofit", "Okes.Square.Retrofit2.Retrofit\Okes.Square.Retrofit2.Retrofit.csproj", "{BA8CF1D0-87A1-4735-B887-60CF83F8E73D}"
EndProject
Project("{FAE04EC0-301F-11D3-BF4B-00C04F79EFBC}") = "Okes.Square.Retrofit2.Converter-Gson", "Okes.Square.Retrofit2.Converter-Gson\Okes.Square.Retrofit2.Converter-Gson.csproj", "{B7F42598-30F2-4E69-9078-810798EFFAA0}"
EndProject
Project("{FAE04EC0-301F-11D3-BF4B-00C04F79EFBC}") = "Okes.Squareup.okhttp3.okhttp", "Okes.Squareup.okhttp3.okhttp\Okes.Squareup.okhttp3.okhttp.csproj", "{1091ECAF-007D-4A22-849A-4768F8056289}"
EndProject
Project("{FAE04EC0-301F-11D3-BF4B-00C04F79EFBC}") = "Okes.Squareup.okhttp3.logging-interceptor", "Okes.Squareup.okhttp3.logging-interceptor\Okes.Squareup.okhttp3.logging-interceptor.csproj", "{A39E9C88-C203-4FA6-849A-FC0ED10A95AF}"
EndProject
Project("{FAE04EC0-301F-11D3-BF4B-00C04F79EFBC}") = "Okes.Mapbox.SDK.Geojson", "Okes.Mapbox.SDK.Geojson\Okes.Mapbox.SDK.Geojson.csproj", "{BEEAACE7-32D1-4D24-B3FD-7BD2BB486A4F}"
EndProject
Project("{FAE04EC0-301F-11D3-BF4B-00C04F79EFBC}") = "Okes.Mapbox.SDK.Services", "Okes.Mapbox.SDK.Services\Okes.Mapbox.SDK.Services.csproj", "{0B2DFC13-C5E1-4BAF-843A-6077745DFD3C}"
EndProject
Project("{FAE04EC0-301F-11D3-BF4B-00C04F79EFBC}") = "Okes.Mapbox.SDK.Turf", "Okes.Mapbox.SDK.Turf\Okes.Mapbox.SDK.Turf.csproj", "{24749635-0A38-4188-B0F2-51DEF8DA97B1}"
EndProject
Project("{FAE04EC0-301F-11D3-BF4B-00C04F79EFBC}") = "Okes.Mapbox.Android.Telemetry", "Okes.Mapbox.Android.Telemetry\Okes.Mapbox.Android.Telemetry.csproj", "{DD5C3386-E85F-4A9A-B631-C579ABF817F2}"
EndProject
Project("{FAE04EC0-301F-11D3-BF4B-00C04F79EFBC}") = "Okes.Mapbox.Android.Plugin-Annotation", "Okes.Mapbox.Android.Plugin-Annotation\Okes.Mapbox.Android.Plugin-Annotation.csproj", "{E21425D8-ABED-432F-B9D4-FC3EEEF8E682}"
EndProject
Project("{FAE04EC0-301F-11D3-BF4B-00C04F79EFBC}") = "Okes.Mapbox.Android.Gestures", "Okes.Mapbox.Android.Gestures\Okes.Mapbox.Android.Gestures.csproj", "{78510AC1-3117-483D-8420-4642506D5CB6}"
EndProject
Project("{FAE04EC0-301F-11D3-BF4B-00C04F79EFBC}") = "Okes.Mapbox.Android.SDK", "Okes.Mapbox.Android.SDK\Okes.Mapbox.Android.SDK.csproj", "{C547E21F-FE5E-4C60-BD70-1F354103AC69}"
EndProject
Project("{FAE04EC0-301F-11D3-BF4B-00C04F79EFBC}") = "Okes.Mapbox.Android.Navigation", "Okes.Mapbox.Android.Navigation\Okes.Mapbox.Android.Navigation.csproj", "{3E93D17C-7B63-42EA-9CDE-BA1ED7B72D25}"
EndProject
Project("{FAE04EC0-301F-11D3-BF4B-00C04F79EFBC}") = "Okes.Mapbox.Navigator", "Okes.Mapbox.Navigator\Okes.Mapbox.Navigator.csproj", "{C7320050-9AB8-4F6F-BDFF-899E04C4E9C6}"
EndProject
Project("{FAE04EC0-301F-11D3-BF4B-00C04F79EFBC}") = "Okes.Mapbox.Android.NavigationUI", "Okes.Mapbox.Android.NavigationUI\Okes.Mapbox.Android.NavigationUI.csproj", "{DBB6B086-514A-43C2-8308-6264A0537C13}"
EndProject
Project("{FAE04EC0-301F-11D3-BF4B-00C04F79EFBC}") = "Okes.Squareup.Picasso", "Okes.Squareup.Picasso\Okes.Squareup.Picasso.csproj", "{795306D0-B091-42C6-BB20-AAFC444569EB}"
EndProject
Project("{FAE04EC0-301F-11D3-BF4B-00C04F79EFBC}") = "MapApp.Android", "MapApp\MapApp.Android\MapApp.Android.csproj", "{8623A98C-C619-45F1-9575-D49A0A9BC124}"
EndProject
Project("{FAE04EC0-301F-11D3-BF4B-00C04F79EFBC}") = "MapApp.iOS", "MapApp\MapApp.iOS\MapApp.iOS.csproj", "{DBD73235-5189-4B7E-99E9-5C2126B0A4E2}"
EndProject
Project("{FAE04EC0-301F-11D3-BF4B-00C04F79EFBC}") = "MapApp", "MapApp\MapApp\MapApp.csproj", "{75509B86-A43D-461F-91E2-F4E2589E3B4D}"
EndProject
Global
	GlobalSection(SolutionConfigurationPlatforms) = preSolution
		Debug|Any CPU = Debug|Any CPU
		Debug|iPhone = Debug|iPhone
		Debug|iPhoneSimulator = Debug|iPhoneSimulator
		Release|Any CPU = Release|Any CPU
		Release|iPhone = Release|iPhone
		Release|iPhoneSimulator = Release|iPhoneSimulator
	EndGlobalSection
	GlobalSection(ProjectConfigurationPlatforms) = postSolution
		{D000FB0F-3E9B-4489-B2C6-3B31D8EC71A2}.Debug|Any CPU.ActiveCfg = Debug|Any CPU
		{D000FB0F-3E9B-4489-B2C6-3B31D8EC71A2}.Debug|Any CPU.Build.0 = Debug|Any CPU
		{D000FB0F-3E9B-4489-B2C6-3B31D8EC71A2}.Debug|iPhone.ActiveCfg = Debug|Any CPU
		{D000FB0F-3E9B-4489-B2C6-3B31D8EC71A2}.Debug|iPhone.Build.0 = Debug|Any CPU
		{D000FB0F-3E9B-4489-B2C6-3B31D8EC71A2}.Debug|iPhoneSimulator.ActiveCfg = Debug|Any CPU
		{D000FB0F-3E9B-4489-B2C6-3B31D8EC71A2}.Debug|iPhoneSimulator.Build.0 = Debug|Any CPU
		{D000FB0F-3E9B-4489-B2C6-3B31D8EC71A2}.Release|Any CPU.ActiveCfg = Release|Any CPU
		{D000FB0F-3E9B-4489-B2C6-3B31D8EC71A2}.Release|Any CPU.Build.0 = Release|Any CPU
		{D000FB0F-3E9B-4489-B2C6-3B31D8EC71A2}.Release|iPhone.ActiveCfg = Release|Any CPU
		{D000FB0F-3E9B-4489-B2C6-3B31D8EC71A2}.Release|iPhone.Build.0 = Release|Any CPU
		{D000FB0F-3E9B-4489-B2C6-3B31D8EC71A2}.Release|iPhoneSimulator.ActiveCfg = Release|Any CPU
		{D000FB0F-3E9B-4489-B2C6-3B31D8EC71A2}.Release|iPhoneSimulator.Build.0 = Release|Any CPU
		{F9274CA8-D9EA-4206-B03E-4DAFFB1D03E7}.Debug|Any CPU.ActiveCfg = Debug|Any CPU
		{F9274CA8-D9EA-4206-B03E-4DAFFB1D03E7}.Debug|Any CPU.Build.0 = Debug|Any CPU
		{F9274CA8-D9EA-4206-B03E-4DAFFB1D03E7}.Debug|iPhone.ActiveCfg = Debug|Any CPU
		{F9274CA8-D9EA-4206-B03E-4DAFFB1D03E7}.Debug|iPhone.Build.0 = Debug|Any CPU
		{F9274CA8-D9EA-4206-B03E-4DAFFB1D03E7}.Debug|iPhoneSimulator.ActiveCfg = Debug|Any CPU
		{F9274CA8-D9EA-4206-B03E-4DAFFB1D03E7}.Debug|iPhoneSimulator.Build.0 = Debug|Any CPU
		{F9274CA8-D9EA-4206-B03E-4DAFFB1D03E7}.Release|Any CPU.ActiveCfg = Release|Any CPU
		{F9274CA8-D9EA-4206-B03E-4DAFFB1D03E7}.Release|Any CPU.Build.0 = Release|Any CPU
		{F9274CA8-D9EA-4206-B03E-4DAFFB1D03E7}.Release|iPhone.ActiveCfg = Release|Any CPU
		{F9274CA8-D9EA-4206-B03E-4DAFFB1D03E7}.Release|iPhone.Build.0 = Release|Any CPU
		{F9274CA8-D9EA-4206-B03E-4DAFFB1D03E7}.Release|iPhoneSimulator.ActiveCfg = Release|Any CPU
		{F9274CA8-D9EA-4206-B03E-4DAFFB1D03E7}.Release|iPhoneSimulator.Build.0 = Release|Any CPU
		{BE3C0D90-E849-4776-B75C-5F6DB1780942}.Debug|Any CPU.ActiveCfg = Debug|Any CPU
		{BE3C0D90-E849-4776-B75C-5F6DB1780942}.Debug|Any CPU.Build.0 = Debug|Any CPU
		{BE3C0D90-E849-4776-B75C-5F6DB1780942}.Debug|iPhone.ActiveCfg = Debug|Any CPU
		{BE3C0D90-E849-4776-B75C-5F6DB1780942}.Debug|iPhone.Build.0 = Debug|Any CPU
		{BE3C0D90-E849-4776-B75C-5F6DB1780942}.Debug|iPhoneSimulator.ActiveCfg = Debug|Any CPU
		{BE3C0D90-E849-4776-B75C-5F6DB1780942}.Debug|iPhoneSimulator.Build.0 = Debug|Any CPU
		{BE3C0D90-E849-4776-B75C-5F6DB1780942}.Release|Any CPU.ActiveCfg = Release|Any CPU
		{BE3C0D90-E849-4776-B75C-5F6DB1780942}.Release|Any CPU.Build.0 = Release|Any CPU
		{BE3C0D90-E849-4776-B75C-5F6DB1780942}.Release|iPhone.ActiveCfg = Release|Any CPU
		{BE3C0D90-E849-4776-B75C-5F6DB1780942}.Release|iPhone.Build.0 = Release|Any CPU
		{BE3C0D90-E849-4776-B75C-5F6DB1780942}.Release|iPhoneSimulator.ActiveCfg = Release|Any CPU
		{BE3C0D90-E849-4776-B75C-5F6DB1780942}.Release|iPhoneSimulator.Build.0 = Release|Any CPU
		{BA8CF1D0-87A1-4735-B887-60CF83F8E73D}.Debug|Any CPU.ActiveCfg = Debug|Any CPU
		{BA8CF1D0-87A1-4735-B887-60CF83F8E73D}.Debug|Any CPU.Build.0 = Debug|Any CPU
		{BA8CF1D0-87A1-4735-B887-60CF83F8E73D}.Debug|iPhone.ActiveCfg = Debug|Any CPU
		{BA8CF1D0-87A1-4735-B887-60CF83F8E73D}.Debug|iPhone.Build.0 = Debug|Any CPU
		{BA8CF1D0-87A1-4735-B887-60CF83F8E73D}.Debug|iPhoneSimulator.ActiveCfg = Debug|Any CPU
		{BA8CF1D0-87A1-4735-B887-60CF83F8E73D}.Debug|iPhoneSimulator.Build.0 = Debug|Any CPU
		{BA8CF1D0-87A1-4735-B887-60CF83F8E73D}.Release|Any CPU.ActiveCfg = Release|Any CPU
		{BA8CF1D0-87A1-4735-B887-60CF83F8E73D}.Release|Any CPU.Build.0 = Release|Any CPU
		{BA8CF1D0-87A1-4735-B887-60CF83F8E73D}.Release|iPhone.ActiveCfg = Release|Any CPU
		{BA8CF1D0-87A1-4735-B887-60CF83F8E73D}.Release|iPhone.Build.0 = Release|Any CPU
		{BA8CF1D0-87A1-4735-B887-60CF83F8E73D}.Release|iPhoneSimulator.ActiveCfg = Release|Any CPU
		{BA8CF1D0-87A1-4735-B887-60CF83F8E73D}.Release|iPhoneSimulator.Build.0 = Release|Any CPU
		{B7F42598-30F2-4E69-9078-810798EFFAA0}.Debug|Any CPU.ActiveCfg = Debug|Any CPU
		{B7F42598-30F2-4E69-9078-810798EFFAA0}.Debug|Any CPU.Build.0 = Debug|Any CPU
		{B7F42598-30F2-4E69-9078-810798EFFAA0}.Debug|iPhone.ActiveCfg = Debug|Any CPU
		{B7F42598-30F2-4E69-9078-810798EFFAA0}.Debug|iPhone.Build.0 = Debug|Any CPU
		{B7F42598-30F2-4E69-9078-810798EFFAA0}.Debug|iPhoneSimulator.ActiveCfg = Debug|Any CPU
		{B7F42598-30F2-4E69-9078-810798EFFAA0}.Debug|iPhoneSimulator.Build.0 = Debug|Any CPU
		{B7F42598-30F2-4E69-9078-810798EFFAA0}.Release|Any CPU.ActiveCfg = Release|Any CPU
		{B7F42598-30F2-4E69-9078-810798EFFAA0}.Release|Any CPU.Build.0 = Release|Any CPU
		{B7F42598-30F2-4E69-9078-810798EFFAA0}.Release|iPhone.ActiveCfg = Release|Any CPU
		{B7F42598-30F2-4E69-9078-810798EFFAA0}.Release|iPhone.Build.0 = Release|Any CPU
		{B7F42598-30F2-4E69-9078-810798EFFAA0}.Release|iPhoneSimulator.ActiveCfg = Release|Any CPU
		{B7F42598-30F2-4E69-9078-810798EFFAA0}.Release|iPhoneSimulator.Build.0 = Release|Any CPU
		{1091ECAF-007D-4A22-849A-4768F8056289}.Debug|Any CPU.ActiveCfg = Debug|Any CPU
		{1091ECAF-007D-4A22-849A-4768F8056289}.Debug|Any CPU.Build.0 = Debug|Any CPU
		{1091ECAF-007D-4A22-849A-4768F8056289}.Debug|iPhone.ActiveCfg = Debug|Any CPU
		{1091ECAF-007D-4A22-849A-4768F8056289}.Debug|iPhone.Build.0 = Debug|Any CPU
		{1091ECAF-007D-4A22-849A-4768F8056289}.Debug|iPhoneSimulator.ActiveCfg = Debug|Any CPU
		{1091ECAF-007D-4A22-849A-4768F8056289}.Debug|iPhoneSimulator.Build.0 = Debug|Any CPU
		{1091ECAF-007D-4A22-849A-4768F8056289}.Release|Any CPU.ActiveCfg = Release|Any CPU
		{1091ECAF-007D-4A22-849A-4768F8056289}.Release|Any CPU.Build.0 = Release|Any CPU
		{1091ECAF-007D-4A22-849A-4768F8056289}.Release|iPhone.ActiveCfg = Release|Any CPU
		{1091ECAF-007D-4A22-849A-4768F8056289}.Release|iPhone.Build.0 = Release|Any CPU
		{1091ECAF-007D-4A22-849A-4768F8056289}.Release|iPhoneSimulator.ActiveCfg = Release|Any CPU
		{1091ECAF-007D-4A22-849A-4768F8056289}.Release|iPhoneSimulator.Build.0 = Release|Any CPU
		{A39E9C88-C203-4FA6-849A-FC0ED10A95AF}.Debug|Any CPU.ActiveCfg = Debug|Any CPU
		{A39E9C88-C203-4FA6-849A-FC0ED10A95AF}.Debug|Any CPU.Build.0 = Debug|Any CPU
		{A39E9C88-C203-4FA6-849A-FC0ED10A95AF}.Debug|iPhone.ActiveCfg = Debug|Any CPU
		{A39E9C88-C203-4FA6-849A-FC0ED10A95AF}.Debug|iPhone.Build.0 = Debug|Any CPU
		{A39E9C88-C203-4FA6-849A-FC0ED10A95AF}.Debug|iPhoneSimulator.ActiveCfg = Debug|Any CPU
		{A39E9C88-C203-4FA6-849A-FC0ED10A95AF}.Debug|iPhoneSimulator.Build.0 = Debug|Any CPU
		{A39E9C88-C203-4FA6-849A-FC0ED10A95AF}.Release|Any CPU.ActiveCfg = Release|Any CPU
		{A39E9C88-C203-4FA6-849A-FC0ED10A95AF}.Release|Any CPU.Build.0 = Release|Any CPU
		{A39E9C88-C203-4FA6-849A-FC0ED10A95AF}.Release|iPhone.ActiveCfg = Release|Any CPU
		{A39E9C88-C203-4FA6-849A-FC0ED10A95AF}.Release|iPhone.Build.0 = Release|Any CPU
		{A39E9C88-C203-4FA6-849A-FC0ED10A95AF}.Release|iPhoneSimulator.ActiveCfg = Release|Any CPU
		{A39E9C88-C203-4FA6-849A-FC0ED10A95AF}.Release|iPhoneSimulator.Build.0 = Release|Any CPU
		{BEEAACE7-32D1-4D24-B3FD-7BD2BB486A4F}.Debug|Any CPU.ActiveCfg = Debug|Any CPU
		{BEEAACE7-32D1-4D24-B3FD-7BD2BB486A4F}.Debug|Any CPU.Build.0 = Debug|Any CPU
		{BEEAACE7-32D1-4D24-B3FD-7BD2BB486A4F}.Debug|iPhone.ActiveCfg = Debug|Any CPU
		{BEEAACE7-32D1-4D24-B3FD-7BD2BB486A4F}.Debug|iPhone.Build.0 = Debug|Any CPU
		{BEEAACE7-32D1-4D24-B3FD-7BD2BB486A4F}.Debug|iPhoneSimulator.ActiveCfg = Debug|Any CPU
		{BEEAACE7-32D1-4D24-B3FD-7BD2BB486A4F}.Debug|iPhoneSimulator.Build.0 = Debug|Any CPU
		{BEEAACE7-32D1-4D24-B3FD-7BD2BB486A4F}.Release|Any CPU.ActiveCfg = Release|Any CPU
		{BEEAACE7-32D1-4D24-B3FD-7BD2BB486A4F}.Release|Any CPU.Build.0 = Release|Any CPU
		{BEEAACE7-32D1-4D24-B3FD-7BD2BB486A4F}.Release|iPhone.ActiveCfg = Release|Any CPU
		{BEEAACE7-32D1-4D24-B3FD-7BD2BB486A4F}.Release|iPhone.Build.0 = Release|Any CPU
		{BEEAACE7-32D1-4D24-B3FD-7BD2BB486A4F}.Release|iPhoneSimulator.ActiveCfg = Release|Any CPU
		{BEEAACE7-32D1-4D24-B3FD-7BD2BB486A4F}.Release|iPhoneSimulator.Build.0 = Release|Any CPU
		{0B2DFC13-C5E1-4BAF-843A-6077745DFD3C}.Debug|Any CPU.ActiveCfg = Debug|Any CPU
		{0B2DFC13-C5E1-4BAF-843A-6077745DFD3C}.Debug|Any CPU.Build.0 = Debug|Any CPU
		{0B2DFC13-C5E1-4BAF-843A-6077745DFD3C}.Debug|iPhone.ActiveCfg = Debug|Any CPU
		{0B2DFC13-C5E1-4BAF-843A-6077745DFD3C}.Debug|iPhone.Build.0 = Debug|Any CPU
		{0B2DFC13-C5E1-4BAF-843A-6077745DFD3C}.Debug|iPhoneSimulator.ActiveCfg = Debug|Any CPU
		{0B2DFC13-C5E1-4BAF-843A-6077745DFD3C}.Debug|iPhoneSimulator.Build.0 = Debug|Any CPU
		{0B2DFC13-C5E1-4BAF-843A-6077745DFD3C}.Release|Any CPU.ActiveCfg = Release|Any CPU
		{0B2DFC13-C5E1-4BAF-843A-6077745DFD3C}.Release|Any CPU.Build.0 = Release|Any CPU
		{0B2DFC13-C5E1-4BAF-843A-6077745DFD3C}.Release|iPhone.ActiveCfg = Release|Any CPU
		{0B2DFC13-C5E1-4BAF-843A-6077745DFD3C}.Release|iPhone.Build.0 = Release|Any CPU
		{0B2DFC13-C5E1-4BAF-843A-6077745DFD3C}.Release|iPhoneSimulator.ActiveCfg = Release|Any CPU
		{0B2DFC13-C5E1-4BAF-843A-6077745DFD3C}.Release|iPhoneSimulator.Build.0 = Release|Any CPU
		{24749635-0A38-4188-B0F2-51DEF8DA97B1}.Debug|Any CPU.ActiveCfg = Debug|Any CPU
		{24749635-0A38-4188-B0F2-51DEF8DA97B1}.Debug|Any CPU.Build.0 = Debug|Any CPU
		{24749635-0A38-4188-B0F2-51DEF8DA97B1}.Debug|iPhone.ActiveCfg = Debug|Any CPU
		{24749635-0A38-4188-B0F2-51DEF8DA97B1}.Debug|iPhone.Build.0 = Debug|Any CPU
		{24749635-0A38-4188-B0F2-51DEF8DA97B1}.Debug|iPhoneSimulator.ActiveCfg = Debug|Any CPU
		{24749635-0A38-4188-B0F2-51DEF8DA97B1}.Debug|iPhoneSimulator.Build.0 = Debug|Any CPU
		{24749635-0A38-4188-B0F2-51DEF8DA97B1}.Release|Any CPU.ActiveCfg = Release|Any CPU
		{24749635-0A38-4188-B0F2-51DEF8DA97B1}.Release|Any CPU.Build.0 = Release|Any CPU
		{24749635-0A38-4188-B0F2-51DEF8DA97B1}.Release|iPhone.ActiveCfg = Release|Any CPU
		{24749635-0A38-4188-B0F2-51DEF8DA97B1}.Release|iPhone.Build.0 = Release|Any CPU
		{24749635-0A38-4188-B0F2-51DEF8DA97B1}.Release|iPhoneSimulator.ActiveCfg = Release|Any CPU
		{24749635-0A38-4188-B0F2-51DEF8DA97B1}.Release|iPhoneSimulator.Build.0 = Release|Any CPU
		{DD5C3386-E85F-4A9A-B631-C579ABF817F2}.Debug|Any CPU.ActiveCfg = Debug|Any CPU
		{DD5C3386-E85F-4A9A-B631-C579ABF817F2}.Debug|Any CPU.Build.0 = Debug|Any CPU
		{DD5C3386-E85F-4A9A-B631-C579ABF817F2}.Debug|iPhone.ActiveCfg = Debug|Any CPU
		{DD5C3386-E85F-4A9A-B631-C579ABF817F2}.Debug|iPhone.Build.0 = Debug|Any CPU
		{DD5C3386-E85F-4A9A-B631-C579ABF817F2}.Debug|iPhoneSimulator.ActiveCfg = Debug|Any CPU
		{DD5C3386-E85F-4A9A-B631-C579ABF817F2}.Debug|iPhoneSimulator.Build.0 = Debug|Any CPU
		{DD5C3386-E85F-4A9A-B631-C579ABF817F2}.Release|Any CPU.ActiveCfg = Release|Any CPU
		{DD5C3386-E85F-4A9A-B631-C579ABF817F2}.Release|Any CPU.Build.0 = Release|Any CPU
		{DD5C3386-E85F-4A9A-B631-C579ABF817F2}.Release|iPhone.ActiveCfg = Release|Any CPU
		{DD5C3386-E85F-4A9A-B631-C579ABF817F2}.Release|iPhone.Build.0 = Release|Any CPU
		{DD5C3386-E85F-4A9A-B631-C579ABF817F2}.Release|iPhoneSimulator.ActiveCfg = Release|Any CPU
		{DD5C3386-E85F-4A9A-B631-C579ABF817F2}.Release|iPhoneSimulator.Build.0 = Release|Any CPU
		{E21425D8-ABED-432F-B9D4-FC3EEEF8E682}.Debug|Any CPU.ActiveCfg = Debug|Any CPU
		{E21425D8-ABED-432F-B9D4-FC3EEEF8E682}.Debug|Any CPU.Build.0 = Debug|Any CPU
		{E21425D8-ABED-432F-B9D4-FC3EEEF8E682}.Debug|iPhone.ActiveCfg = Debug|Any CPU
		{E21425D8-ABED-432F-B9D4-FC3EEEF8E682}.Debug|iPhone.Build.0 = Debug|Any CPU
		{E21425D8-ABED-432F-B9D4-FC3EEEF8E682}.Debug|iPhoneSimulator.ActiveCfg = Debug|Any CPU
		{E21425D8-ABED-432F-B9D4-FC3EEEF8E682}.Debug|iPhoneSimulator.Build.0 = Debug|Any CPU
		{E21425D8-ABED-432F-B9D4-FC3EEEF8E682}.Release|Any CPU.ActiveCfg = Release|Any CPU
		{E21425D8-ABED-432F-B9D4-FC3EEEF8E682}.Release|Any CPU.Build.0 = Release|Any CPU
		{E21425D8-ABED-432F-B9D4-FC3EEEF8E682}.Release|iPhone.ActiveCfg = Release|Any CPU
		{E21425D8-ABED-432F-B9D4-FC3EEEF8E682}.Release|iPhone.Build.0 = Release|Any CPU
		{E21425D8-ABED-432F-B9D4-FC3EEEF8E682}.Release|iPhoneSimulator.ActiveCfg = Release|Any CPU
		{E21425D8-ABED-432F-B9D4-FC3EEEF8E682}.Release|iPhoneSimulator.Build.0 = Release|Any CPU
		{78510AC1-3117-483D-8420-4642506D5CB6}.Debug|Any CPU.ActiveCfg = Debug|Any CPU
		{78510AC1-3117-483D-8420-4642506D5CB6}.Debug|Any CPU.Build.0 = Debug|Any CPU
		{78510AC1-3117-483D-8420-4642506D5CB6}.Debug|iPhone.ActiveCfg = Debug|Any CPU
		{78510AC1-3117-483D-8420-4642506D5CB6}.Debug|iPhone.Build.0 = Debug|Any CPU
		{78510AC1-3117-483D-8420-4642506D5CB6}.Debug|iPhoneSimulator.ActiveCfg = Debug|Any CPU
		{78510AC1-3117-483D-8420-4642506D5CB6}.Debug|iPhoneSimulator.Build.0 = Debug|Any CPU
		{78510AC1-3117-483D-8420-4642506D5CB6}.Release|Any CPU.ActiveCfg = Release|Any CPU
		{78510AC1-3117-483D-8420-4642506D5CB6}.Release|Any CPU.Build.0 = Release|Any CPU
		{78510AC1-3117-483D-8420-4642506D5CB6}.Release|iPhone.ActiveCfg = Release|Any CPU
		{78510AC1-3117-483D-8420-4642506D5CB6}.Release|iPhone.Build.0 = Release|Any CPU
		{78510AC1-3117-483D-8420-4642506D5CB6}.Release|iPhoneSimulator.ActiveCfg = Release|Any CPU
		{78510AC1-3117-483D-8420-4642506D5CB6}.Release|iPhoneSimulator.Build.0 = Release|Any CPU
		{C547E21F-FE5E-4C60-BD70-1F354103AC69}.Debug|Any CPU.ActiveCfg = Debug|Any CPU
		{C547E21F-FE5E-4C60-BD70-1F354103AC69}.Debug|Any CPU.Build.0 = Debug|Any CPU
		{C547E21F-FE5E-4C60-BD70-1F354103AC69}.Debug|iPhone.ActiveCfg = Debug|Any CPU
		{C547E21F-FE5E-4C60-BD70-1F354103AC69}.Debug|iPhone.Build.0 = Debug|Any CPU
		{C547E21F-FE5E-4C60-BD70-1F354103AC69}.Debug|iPhoneSimulator.ActiveCfg = Debug|Any CPU
		{C547E21F-FE5E-4C60-BD70-1F354103AC69}.Debug|iPhoneSimulator.Build.0 = Debug|Any CPU
		{C547E21F-FE5E-4C60-BD70-1F354103AC69}.Release|Any CPU.ActiveCfg = Release|Any CPU
		{C547E21F-FE5E-4C60-BD70-1F354103AC69}.Release|Any CPU.Build.0 = Release|Any CPU
		{C547E21F-FE5E-4C60-BD70-1F354103AC69}.Release|iPhone.ActiveCfg = Release|Any CPU
		{C547E21F-FE5E-4C60-BD70-1F354103AC69}.Release|iPhone.Build.0 = Release|Any CPU
		{C547E21F-FE5E-4C60-BD70-1F354103AC69}.Release|iPhoneSimulator.ActiveCfg = Release|Any CPU
		{C547E21F-FE5E-4C60-BD70-1F354103AC69}.Release|iPhoneSimulator.Build.0 = Release|Any CPU
		{3E93D17C-7B63-42EA-9CDE-BA1ED7B72D25}.Debug|Any CPU.ActiveCfg = Debug|Any CPU
		{3E93D17C-7B63-42EA-9CDE-BA1ED7B72D25}.Debug|Any CPU.Build.0 = Debug|Any CPU
		{3E93D17C-7B63-42EA-9CDE-BA1ED7B72D25}.Debug|iPhone.ActiveCfg = Debug|Any CPU
		{3E93D17C-7B63-42EA-9CDE-BA1ED7B72D25}.Debug|iPhone.Build.0 = Debug|Any CPU
		{3E93D17C-7B63-42EA-9CDE-BA1ED7B72D25}.Debug|iPhoneSimulator.ActiveCfg = Debug|Any CPU
		{3E93D17C-7B63-42EA-9CDE-BA1ED7B72D25}.Debug|iPhoneSimulator.Build.0 = Debug|Any CPU
		{3E93D17C-7B63-42EA-9CDE-BA1ED7B72D25}.Release|Any CPU.ActiveCfg = Release|Any CPU
		{3E93D17C-7B63-42EA-9CDE-BA1ED7B72D25}.Release|Any CPU.Build.0 = Release|Any CPU
		{3E93D17C-7B63-42EA-9CDE-BA1ED7B72D25}.Release|iPhone.ActiveCfg = Release|Any CPU
		{3E93D17C-7B63-42EA-9CDE-BA1ED7B72D25}.Release|iPhone.Build.0 = Release|Any CPU
		{3E93D17C-7B63-42EA-9CDE-BA1ED7B72D25}.Release|iPhoneSimulator.ActiveCfg = Release|Any CPU
		{3E93D17C-7B63-42EA-9CDE-BA1ED7B72D25}.Release|iPhoneSimulator.Build.0 = Release|Any CPU
		{C7320050-9AB8-4F6F-BDFF-899E04C4E9C6}.Debug|Any CPU.ActiveCfg = Debug|Any CPU
		{C7320050-9AB8-4F6F-BDFF-899E04C4E9C6}.Debug|Any CPU.Build.0 = Debug|Any CPU
		{C7320050-9AB8-4F6F-BDFF-899E04C4E9C6}.Debug|iPhone.ActiveCfg = Debug|Any CPU
		{C7320050-9AB8-4F6F-BDFF-899E04C4E9C6}.Debug|iPhone.Build.0 = Debug|Any CPU
		{C7320050-9AB8-4F6F-BDFF-899E04C4E9C6}.Debug|iPhoneSimulator.ActiveCfg = Debug|Any CPU
		{C7320050-9AB8-4F6F-BDFF-899E04C4E9C6}.Debug|iPhoneSimulator.Build.0 = Debug|Any CPU
		{C7320050-9AB8-4F6F-BDFF-899E04C4E9C6}.Release|Any CPU.ActiveCfg = Release|Any CPU
		{C7320050-9AB8-4F6F-BDFF-899E04C4E9C6}.Release|Any CPU.Build.0 = Release|Any CPU
		{C7320050-9AB8-4F6F-BDFF-899E04C4E9C6}.Release|iPhone.ActiveCfg = Release|Any CPU
		{C7320050-9AB8-4F6F-BDFF-899E04C4E9C6}.Release|iPhone.Build.0 = Release|Any CPU
		{C7320050-9AB8-4F6F-BDFF-899E04C4E9C6}.Release|iPhoneSimulator.ActiveCfg = Release|Any CPU
		{C7320050-9AB8-4F6F-BDFF-899E04C4E9C6}.Release|iPhoneSimulator.Build.0 = Release|Any CPU
		{DBB6B086-514A-43C2-8308-6264A0537C13}.Debug|Any CPU.ActiveCfg = Debug|Any CPU
		{DBB6B086-514A-43C2-8308-6264A0537C13}.Debug|Any CPU.Build.0 = Debug|Any CPU
		{DBB6B086-514A-43C2-8308-6264A0537C13}.Debug|iPhone.ActiveCfg = Debug|Any CPU
		{DBB6B086-514A-43C2-8308-6264A0537C13}.Debug|iPhone.Build.0 = Debug|Any CPU
		{DBB6B086-514A-43C2-8308-6264A0537C13}.Debug|iPhoneSimulator.ActiveCfg = Debug|Any CPU
		{DBB6B086-514A-43C2-8308-6264A0537C13}.Debug|iPhoneSimulator.Build.0 = Debug|Any CPU
		{DBB6B086-514A-43C2-8308-6264A0537C13}.Release|Any CPU.ActiveCfg = Release|Any CPU
		{DBB6B086-514A-43C2-8308-6264A0537C13}.Release|Any CPU.Build.0 = Release|Any CPU
		{DBB6B086-514A-43C2-8308-6264A0537C13}.Release|iPhone.ActiveCfg = Release|Any CPU
		{DBB6B086-514A-43C2-8308-6264A0537C13}.Release|iPhone.Build.0 = Release|Any CPU
		{DBB6B086-514A-43C2-8308-6264A0537C13}.Release|iPhoneSimulator.ActiveCfg = Release|Any CPU
		{DBB6B086-514A-43C2-8308-6264A0537C13}.Release|iPhoneSimulator.Build.0 = Release|Any CPU
		{795306D0-B091-42C6-BB20-AAFC444569EB}.Debug|Any CPU.ActiveCfg = Debug|Any CPU
		{795306D0-B091-42C6-BB20-AAFC444569EB}.Debug|Any CPU.Build.0 = Debug|Any CPU
		{795306D0-B091-42C6-BB20-AAFC444569EB}.Debug|iPhone.ActiveCfg = Debug|Any CPU
		{795306D0-B091-42C6-BB20-AAFC444569EB}.Debug|iPhone.Build.0 = Debug|Any CPU
		{795306D0-B091-42C6-BB20-AAFC444569EB}.Debug|iPhoneSimulator.ActiveCfg = Debug|Any CPU
		{795306D0-B091-42C6-BB20-AAFC444569EB}.Debug|iPhoneSimulator.Build.0 = Debug|Any CPU
		{795306D0-B091-42C6-BB20-AAFC444569EB}.Release|Any CPU.ActiveCfg = Release|Any CPU
		{795306D0-B091-42C6-BB20-AAFC444569EB}.Release|Any CPU.Build.0 = Release|Any CPU
		{795306D0-B091-42C6-BB20-AAFC444569EB}.Release|iPhone.ActiveCfg = Release|Any CPU
		{795306D0-B091-42C6-BB20-AAFC444569EB}.Release|iPhone.Build.0 = Release|Any CPU
		{795306D0-B091-42C6-BB20-AAFC444569EB}.Release|iPhoneSimulator.ActiveCfg = Release|Any CPU
		{795306D0-B091-42C6-BB20-AAFC444569EB}.Release|iPhoneSimulator.Build.0 = Release|Any CPU
		{8623A98C-C619-45F1-9575-D49A0A9BC124}.Debug|Any CPU.ActiveCfg = Debug|Any CPU
		{8623A98C-C619-45F1-9575-D49A0A9BC124}.Debug|Any CPU.Build.0 = Debug|Any CPU
		{8623A98C-C619-45F1-9575-D49A0A9BC124}.Debug|Any CPU.Deploy.0 = Debug|Any CPU
		{8623A98C-C619-45F1-9575-D49A0A9BC124}.Debug|iPhone.ActiveCfg = Debug|Any CPU
		{8623A98C-C619-45F1-9575-D49A0A9BC124}.Debug|iPhone.Build.0 = Debug|Any CPU
		{8623A98C-C619-45F1-9575-D49A0A9BC124}.Debug|iPhone.Deploy.0 = Debug|Any CPU
		{8623A98C-C619-45F1-9575-D49A0A9BC124}.Debug|iPhoneSimulator.ActiveCfg = Debug|Any CPU
		{8623A98C-C619-45F1-9575-D49A0A9BC124}.Debug|iPhoneSimulator.Build.0 = Debug|Any CPU
		{8623A98C-C619-45F1-9575-D49A0A9BC124}.Debug|iPhoneSimulator.Deploy.0 = Debug|Any CPU
		{8623A98C-C619-45F1-9575-D49A0A9BC124}.Release|Any CPU.ActiveCfg = Release|Any CPU
		{8623A98C-C619-45F1-9575-D49A0A9BC124}.Release|Any CPU.Build.0 = Release|Any CPU
		{8623A98C-C619-45F1-9575-D49A0A9BC124}.Release|Any CPU.Deploy.0 = Release|Any CPU
		{8623A98C-C619-45F1-9575-D49A0A9BC124}.Release|iPhone.ActiveCfg = Release|Any CPU
		{8623A98C-C619-45F1-9575-D49A0A9BC124}.Release|iPhone.Build.0 = Release|Any CPU
		{8623A98C-C619-45F1-9575-D49A0A9BC124}.Release|iPhone.Deploy.0 = Release|Any CPU
		{8623A98C-C619-45F1-9575-D49A0A9BC124}.Release|iPhoneSimulator.ActiveCfg = Release|Any CPU
		{8623A98C-C619-45F1-9575-D49A0A9BC124}.Release|iPhoneSimulator.Build.0 = Release|Any CPU
		{8623A98C-C619-45F1-9575-D49A0A9BC124}.Release|iPhoneSimulator.Deploy.0 = Release|Any CPU
		{DBD73235-5189-4B7E-99E9-5C2126B0A4E2}.Debug|Any CPU.ActiveCfg = Debug|iPhone
		{DBD73235-5189-4B7E-99E9-5C2126B0A4E2}.Debug|iPhone.ActiveCfg = Debug|iPhone
		{DBD73235-5189-4B7E-99E9-5C2126B0A4E2}.Debug|iPhone.Build.0 = Debug|iPhone
		{DBD73235-5189-4B7E-99E9-5C2126B0A4E2}.Debug|iPhoneSimulator.ActiveCfg = Debug|iPhoneSimulator
		{DBD73235-5189-4B7E-99E9-5C2126B0A4E2}.Debug|iPhoneSimulator.Build.0 = Debug|iPhoneSimulator
		{DBD73235-5189-4B7E-99E9-5C2126B0A4E2}.Release|Any CPU.ActiveCfg = Release|iPhone
		{DBD73235-5189-4B7E-99E9-5C2126B0A4E2}.Release|iPhone.ActiveCfg = Release|iPhone
		{DBD73235-5189-4B7E-99E9-5C2126B0A4E2}.Release|iPhone.Build.0 = Release|iPhone
		{DBD73235-5189-4B7E-99E9-5C2126B0A4E2}.Release|iPhoneSimulator.ActiveCfg = Release|iPhoneSimulator
		{DBD73235-5189-4B7E-99E9-5C2126B0A4E2}.Release|iPhoneSimulator.Build.0 = Release|iPhoneSimulator
		{75509B86-A43D-461F-91E2-F4E2589E3B4D}.Debug|Any CPU.ActiveCfg = Debug|Any CPU
		{75509B86-A43D-461F-91E2-F4E2589E3B4D}.Debug|Any CPU.Build.0 = Debug|Any CPU
		{75509B86-A43D-461F-91E2-F4E2589E3B4D}.Debug|iPhone.ActiveCfg = Debug|Any CPU
		{75509B86-A43D-461F-91E2-F4E2589E3B4D}.Debug|iPhone.Build.0 = Debug|Any CPU
		{75509B86-A43D-461F-91E2-F4E2589E3B4D}.Debug|iPhoneSimulator.ActiveCfg = Debug|Any CPU
		{75509B86-A43D-461F-91E2-F4E2589E3B4D}.Debug|iPhoneSimulator.Build.0 = Debug|Any CPU
		{75509B86-A43D-461F-91E2-F4E2589E3B4D}.Release|Any CPU.ActiveCfg = Release|Any CPU
		{75509B86-A43D-461F-91E2-F4E2589E3B4D}.Release|Any CPU.Build.0 = Release|Any CPU
		{75509B86-A43D-461F-91E2-F4E2589E3B4D}.Release|iPhone.ActiveCfg = Release|Any CPU
		{75509B86-A43D-461F-91E2-F4E2589E3B4D}.Release|iPhone.Build.0 = Release|Any CPU
		{75509B86-A43D-461F-91E2-F4E2589E3B4D}.Release|iPhoneSimulator.ActiveCfg = Release|Any CPU
		{75509B86-A43D-461F-91E2-F4E2589E3B4D}.Release|iPhoneSimulator.Build.0 = Release|Any CPU
	EndGlobalSection
	GlobalSection(SolutionProperties) = preSolution
		HideSolutionNode = FALSE
	EndGlobalSection
	GlobalSection(ExtensibilityGlobals) = postSolution
		SolutionGuid = {4CDA98C0-8141-45EE-BD47-49671945206A}
	EndGlobalSection
EndGlobal
